// !$*UTF8*$!
{
	archiveVersion = 1;
	classes = {
	};
	objectVersion = 77;
	objects = {

/* Begin PBXBuildFile section */
		461F5D402EA58A0B002A2A2A /* .gitignore in Sources */ = {isa = PBXBuildFile; fileRef = 461F5D3E2EA58A00002A2A2A /* .gitignore */; };
/* End PBXBuildFile section */

/* Begin PBXContainerItemProxy section */
		4698AC8E2EEF064100D5BD65 /* PBXContainerItemProxy */ = {
			isa = PBXContainerItemProxy;
			containerPortal = 461F5D282EA58425002A2A2A /* Project object */;
			proxyType = 1;
			remoteGlobalIDString = 461F5D2F2EA58425002A2A2A;
			remoteInfo = SpaceExplorer2.0;
		};
		4698AC9B2EEF06A000D5BD65 /* PBXContainerItemProxy */ = {
			isa = PBXContainerItemProxy;
			containerPortal = 461F5D282EA58425002A2A2A /* Project object */;
			proxyType = 1;
			remoteGlobalIDString = 461F5D2F2EA58425002A2A2A;
			remoteInfo = SpaceExplorer2.0;
		};
		4698ACAA2EEF06DE00D5BD65 /* PBXContainerItemProxy */ = {
			isa = PBXContainerItemProxy;
			containerPortal = 461F5D282EA58425002A2A2A /* Project object */;
			proxyType = 1;
			remoteGlobalIDString = 461F5D2F2EA58425002A2A2A;
			remoteInfo = SpaceExplorer2.0;
		};
/* End PBXContainerItemProxy section */

/* Begin PBXFileReference section */
		461F5D302EA58425002A2A2A /* SpaceExplorer2.0.app */ = {isa = PBXFileReference; explicitFileType = wrapper.application; includeInIndex = 0; path = SpaceExplorer2.0.app; sourceTree = BUILT_PRODUCTS_DIR; };
		461F5D3E2EA58A00002A2A2A /* .gitignore */ = {isa = PBXFileReference; lastKnownFileType = text; path = .gitignore; sourceTree = "<group>"; };
		4698AC8A2EEF064100D5BD65 /* SpaceExplorer2.0Tests.xctest */ = {isa = PBXFileReference; explicitFileType = wrapper.cfbundle; includeInIndex = 0; path = SpaceExplorer2.0Tests.xctest; sourceTree = BUILT_PRODUCTS_DIR; };
		4698AC972EEF06A000D5BD65 /* SpaceExplorer2.0SwiftTests.xctest */ = {isa = PBXFileReference; explicitFileType = wrapper.cfbundle; includeInIndex = 0; path = SpaceExplorer2.0SwiftTests.xctest; sourceTree = BUILT_PRODUCTS_DIR; };
		4698ACA42EEF06DE00D5BD65 /* SpaceExplorer2.0UITests.xctest */ = {isa = PBXFileReference; explicitFileType = wrapper.cfbundle; includeInIndex = 0; path = SpaceExplorer2.0UITests.xctest; sourceTree = BUILT_PRODUCTS_DIR; };
/* End PBXFileReference section */

/* Begin PBXFileSystemSynchronizedBuildFileExceptionSet section */
		46BB063A2ECA34D300873D4C /* Exceptions for "SpaceExplorer2.0" folder in "SpaceExplorer2.0" target */ = {
			isa = PBXFileSystemSynchronizedBuildFileExceptionSet;
			membershipExceptions = (
				ViewController.swift,
			);
			target = 461F5D2F2EA58425002A2A2A /* SpaceExplorer2.0 */;
		};
/* End PBXFileSystemSynchronizedBuildFileExceptionSet section */

/* Begin PBXFileSystemSynchronizedRootGroup section */
		461F5D322EA58425002A2A2A /* SpaceExplorer2.0 */ = {
			isa = PBXFileSystemSynchronizedRootGroup;
			exceptions = (
				46BB063A2ECA34D300873D4C /* Exceptions for "SpaceExplorer2.0" folder in "SpaceExplorer2.0" target */,
			);
			path = SpaceExplorer2.0;
			sourceTree = "<group>";
		};
		4698AC8B2EEF064100D5BD65 /* SpaceExplorer2.0Tests */ = {
			isa = PBXFileSystemSynchronizedRootGroup;
			path = SpaceExplorer2.0Tests;
			sourceTree = "<group>";
		};
		4698AC982EEF06A000D5BD65 /* SpaceExplorer2.0SwiftTests */ = {
			isa = PBXFileSystemSynchronizedRootGroup;
			path = SpaceExplorer2.0SwiftTests;
			sourceTree = "<group>";
		};
		4698ACA52EEF06DE00D5BD65 /* SpaceExplorer2.0UITests */ = {
			isa = PBXFileSystemSynchronizedRootGroup;
			path = SpaceExplorer2.0UITests;
			sourceTree = "<group>";
		};
/* End PBXFileSystemSynchronizedRootGroup section */

/* Begin PBXFrameworksBuildPhase section */
		461F5D2D2EA58425002A2A2A /* Frameworks */ = {
			isa = PBXFrameworksBuildPhase;
			buildActionMask = 2147483647;
			files = (
			);
			runOnlyForDeploymentPostprocessing = 0;
		};
		4698AC872EEF064100D5BD65 /* Frameworks */ = {
			isa = PBXFrameworksBuildPhase;
			buildActionMask = 2147483647;
			files = (
			);
			runOnlyForDeploymentPostprocessing = 0;
		};
		4698AC942EEF06A000D5BD65 /* Frameworks */ = {
			isa = PBXFrameworksBuildPhase;
			buildActionMask = 2147483647;
			files = (
			);
			runOnlyForDeploymentPostprocessing = 0;
		};
		4698ACA12EEF06DE00D5BD65 /* Frameworks */ = {
			isa = PBXFrameworksBuildPhase;
			buildActionMask = 2147483647;
			files = (
			);
			runOnlyForDeploymentPostprocessing = 0;
		};
/* End PBXFrameworksBuildPhase section */

/* Begin PBXGroup section */
		461F5D272EA58425002A2A2A = {
			isa = PBXGroup;
			children = (
				461F5D322EA58425002A2A2A /* SpaceExplorer2.0 */,
				4698AC8B2EEF064100D5BD65 /* SpaceExplorer2.0Tests */,
				4698AC982EEF06A000D5BD65 /* SpaceExplorer2.0SwiftTests */,
				4698ACA52EEF06DE00D5BD65 /* SpaceExplorer2.0UITests */,
				461F5D312EA58425002A2A2A /* Products */,
				461F5D3E2EA58A00002A2A2A /* .gitignore */,
			);
			sourceTree = "<group>";
		};
		461F5D312EA58425002A2A2A /* Products */ = {
			isa = PBXGroup;
			children = (
				461F5D302EA58425002A2A2A /* SpaceExplorer2.0.app */,
				4698AC8A2EEF064100D5BD65 /* SpaceExplorer2.0Tests.xctest */,
				4698AC972EEF06A000D5BD65 /* SpaceExplorer2.0SwiftTests.xctest */,
				4698ACA42EEF06DE00D5BD65 /* SpaceExplorer2.0UITests.xctest */,
			);
			name = Products;
			sourceTree = "<group>";
		};
/* End PBXGroup section */

/* Begin PBXNativeTarget section */
		461F5D2F2EA58425002A2A2A /* SpaceExplorer2.0 */ = {
			isa = PBXNativeTarget;
			buildConfigurationList = 461F5D3B2EA5842C002A2A2A /* Build configuration list for PBXNativeTarget "SpaceExplorer2.0" */;
			buildPhases = (
				461F5D2C2EA58425002A2A2A /* Sources */,
				461F5D2D2EA58425002A2A2A /* Frameworks */,
				461F5D2E2EA58425002A2A2A /* Resources */,
			);
			buildRules = (
			);
			dependencies = (
			);
			fileSystemSynchronizedGroups = (
				461F5D322EA58425002A2A2A /* SpaceExplorer2.0 */,
			);
			name = SpaceExplorer2.0;
			packageProductDependencies = (
			);
			productName = SpaceExplorer2.0;
			productReference = 461F5D302EA58425002A2A2A /* SpaceExplorer2.0.app */;
			productType = "com.apple.product-type.application";
		};
		4698AC892EEF064100D5BD65 /* SpaceExplorer2.0Tests */ = {
			isa = PBXNativeTarget;
			buildConfigurationList = 4698AC922EEF064100D5BD65 /* Build configuration list for PBXNativeTarget "SpaceExplorer2.0Tests" */;
			buildPhases = (
				4698AC862EEF064100D5BD65 /* Sources */,
				4698AC872EEF064100D5BD65 /* Frameworks */,
				4698AC882EEF064100D5BD65 /* Resources */,
			);
			buildRules = (
			);
			dependencies = (
				4698AC8F2EEF064100D5BD65 /* PBXTargetDependency */,
			);
			fileSystemSynchronizedGroups = (
				4698AC8B2EEF064100D5BD65 /* SpaceExplorer2.0Tests */,
			);
			name = SpaceExplorer2.0Tests;
			packageProductDependencies = (
			);
			productName = SpaceExplorer2.0Tests;
			productReference = 4698AC8A2EEF064100D5BD65 /* SpaceExplorer2.0Tests.xctest */;
			productType = "com.apple.product-type.bundle.unit-test";
		};
		4698AC962EEF06A000D5BD65 /* SpaceExplorer2.0SwiftTests */ = {
			isa = PBXNativeTarget;
			buildConfigurationList = 4698AC9D2EEF06A000D5BD65 /* Build configuration list for PBXNativeTarget "SpaceExplorer2.0SwiftTests" */;
			buildPhases = (
				4698AC932EEF06A000D5BD65 /* Sources */,
				4698AC942EEF06A000D5BD65 /* Frameworks */,
				4698AC952EEF06A000D5BD65 /* Resources */,
			);
			buildRules = (
			);
			dependencies = (
				4698AC9C2EEF06A000D5BD65 /* PBXTargetDependency */,
			);
			fileSystemSynchronizedGroups = (
				4698AC982EEF06A000D5BD65 /* SpaceExplorer2.0SwiftTests */,
			);
			name = SpaceExplorer2.0SwiftTests;
			packageProductDependencies = (
			);
			productName = SpaceExplorer2.0SwiftTests;
			productReference = 4698AC972EEF06A000D5BD65 /* SpaceExplorer2.0SwiftTests.xctest */;
			productType = "com.apple.product-type.bundle.unit-test";
		};
		4698ACA32EEF06DE00D5BD65 /* SpaceExplorer2.0UITests */ = {
			isa = PBXNativeTarget;
			buildConfigurationList = 4698ACAC2EEF06DE00D5BD65 /* Build configuration list for PBXNativeTarget "SpaceExplorer2.0UITests" */;
			buildPhases = (
				4698ACA02EEF06DE00D5BD65 /* Sources */,
				4698ACA12EEF06DE00D5BD65 /* Frameworks */,
				4698ACA22EEF06DE00D5BD65 /* Resources */,
			);
			buildRules = (
			);
			dependencies = (
				4698ACAB2EEF06DE00D5BD65 /* PBXTargetDependency */,
			);
			fileSystemSynchronizedGroups = (
				4698ACA52EEF06DE00D5BD65 /* SpaceExplorer2.0UITests */,
			);
			name = SpaceExplorer2.0UITests;
			packageProductDependencies = (
			);
			productName = SpaceExplorer2.0UITests;
			productReference = 4698ACA42EEF06DE00D5BD65 /* SpaceExplorer2.0UITests.xctest */;
			productType = "com.apple.product-type.bundle.ui-testing";
		};
/* End PBXNativeTarget section */

/* Begin PBXProject section */
		461F5D282EA58425002A2A2A /* Project object */ = {
			isa = PBXProject;
			attributes = {
				BuildIndependentTargetsInParallel = 1;
				LastSwiftUpdateCheck = 2600;
				LastUpgradeCheck = 2600;
				TargetAttributes = {
					461F5D2F2EA58425002A2A2A = {
						CreatedOnToolsVersion = 26.0.1;
					};
					4698AC892EEF064100D5BD65 = {
						CreatedOnToolsVersion = 26.0.1;
						TestTargetID = 461F5D2F2EA58425002A2A2A;
					};
					4698AC962EEF06A000D5BD65 = {
						CreatedOnToolsVersion = 26.0.1;
						TestTargetID = 461F5D2F2EA58425002A2A2A;
					};
					4698ACA32EEF06DE00D5BD65 = {
						CreatedOnToolsVersion = 26.0.1;
						TestTargetID = 461F5D2F2EA58425002A2A2A;
					};
				};
			};
			buildConfigurationList = 461F5D2B2EA58425002A2A2A /* Build configuration list for PBXProject "SpaceExplorer2.0" */;
			developmentRegion = en;
			hasScannedForEncodings = 0;
			knownRegions = (
				en,
				Base,
			);
			mainGroup = 461F5D272EA58425002A2A2A;
			minimizedProjectReferenceProxies = 1;
			preferredProjectObjectVersion = 77;
			productRefGroup = 461F5D312EA58425002A2A2A /* Products */;
			projectDirPath = "";
			projectRoot = "";
			targets = (
				461F5D2F2EA58425002A2A2A /* SpaceExplorer2.0 */,
				4698AC892EEF064100D5BD65 /* SpaceExplorer2.0Tests */,
				4698AC962EEF06A000D5BD65 /* SpaceExplorer2.0SwiftTests */,
				4698ACA32EEF06DE00D5BD65 /* SpaceExplorer2.0UITests */,
			);
		};
/* End PBXProject section */

/* Begin PBXResourcesBuildPhase section */
		461F5D2E2EA58425002A2A2A /* Resources */ = {
			isa = PBXResourcesBuildPhase;
			buildActionMask = 2147483647;
			files = (
			);
			runOnlyForDeploymentPostprocessing = 0;
		};
		4698AC882EEF064100D5BD65 /* Resources */ = {
			isa = PBXResourcesBuildPhase;
			buildActionMask = 2147483647;
			files = (
			);
			runOnlyForDeploymentPostprocessing = 0;
		};
		4698AC952EEF06A000D5BD65 /* Resources */ = {
			isa = PBXResourcesBuildPhase;
			buildActionMask = 2147483647;
			files = (
			);
			runOnlyForDeploymentPostprocessing = 0;
		};
		4698ACA22EEF06DE00D5BD65 /* Resources */ = {
			isa = PBXResourcesBuildPhase;
			buildActionMask = 2147483647;
			files = (
			);
			runOnlyForDeploymentPostprocessing = 0;
		};
/* End PBXResourcesBuildPhase section */

/* Begin PBXSourcesBuildPhase section */
		461F5D2C2EA58425002A2A2A /* Sources */ = {
			isa = PBXSourcesBuildPhase;
			buildActionMask = 2147483647;
			files = (
				461F5D402EA58A0B002A2A2A /* .gitignore in Sources */,
			);
			runOnlyForDeploymentPostprocessing = 0;
		};
		4698AC862EEF064100D5BD65 /* Sources */ = {
			isa = PBXSourcesBuildPhase;
			buildActionMask = 2147483647;
			files = (
			);
			runOnlyForDeploymentPostprocessing = 0;
		};
		4698AC932EEF06A000D5BD65 /* Sources */ = {
			isa = PBXSourcesBuildPhase;
			buildActionMask = 2147483647;
			files = (
			);
			runOnlyForDeploymentPostprocessing = 0;
		};
		4698ACA02EEF06DE00D5BD65 /* Sources */ = {
			isa = PBXSourcesBuildPhase;
			buildActionMask = 2147483647;
			files = (
			);
			runOnlyForDeploymentPostprocessing = 0;
		};
/* End PBXSourcesBuildPhase section */

/* Begin PBXTargetDependency section */
		4698AC8F2EEF064100D5BD65 /* PBXTargetDependency */ = {
			isa = PBXTargetDependency;
			target = 461F5D2F2EA58425002A2A2A /* SpaceExplorer2.0 */;
			targetProxy = 4698AC8E2EEF064100D5BD65 /* PBXContainerItemProxy */;
		};
		4698AC9C2EEF06A000D5BD65 /* PBXTargetDependency */ = {
			isa = PBXTargetDependency;
			target = 461F5D2F2EA58425002A2A2A /* SpaceExplorer2.0 */;
			targetProxy = 4698AC9B2EEF06A000D5BD65 /* PBXContainerItemProxy */;
		};
		4698ACAB2EEF06DE00D5BD65 /* PBXTargetDependency */ = {
			isa = PBXTargetDependency;
			target = 461F5D2F2EA58425002A2A2A /* SpaceExplorer2.0 */;
			targetProxy = 4698ACAA2EEF06DE00D5BD65 /* PBXContainerItemProxy */;
		};
/* End PBXTargetDependency section */

/* Begin XCBuildConfiguration section */
		461F5D392EA5842C002A2A2A /* Debug */ = {
			isa = XCBuildConfiguration;
			buildSettings = {
				ALWAYS_SEARCH_USER_PATHS = NO;
				ASSETCATALOG_COMPILER_GENERATE_SWIFT_ASSET_SYMBOL_EXTENSIONS = YES;
				CLANG_ANALYZER_NONNULL = YES;
				CLANG_ANALYZER_NUMBER_OBJECT_CONVERSION = YES_AGGRESSIVE;
				CLANG_CXX_LANGUAGE_STANDARD = "gnu++20";
				CLANG_ENABLE_MODULES = YES;
				CLANG_ENABLE_OBJC_ARC = YES;
				CLANG_ENABLE_OBJC_WEAK = YES;
				CLANG_WARN_BLOCK_CAPTURE_AUTORELEASING = YES;
				CLANG_WARN_BOOL_CONVERSION = YES;
				CLANG_WARN_COMMA = YES;
				CLANG_WARN_CONSTANT_CONVERSION = YES;
				CLANG_WARN_DEPRECATED_OBJC_IMPLEMENTATIONS = YES;
				CLANG_WARN_DIRECT_OBJC_ISA_USAGE = YES_ERROR;
				CLANG_WARN_DOCUMENTATION_COMMENTS = YES;
				CLANG_WARN_EMPTY_BODY = YES;
				CLANG_WARN_ENUM_CONVERSION = YES;
				CLANG_WARN_INFINITE_RECURSION = YES;
				CLANG_WARN_INT_CONVERSION = YES;
				CLANG_WARN_NON_LITERAL_NULL_CONVERSION = YES;
				CLANG_WARN_OBJC_IMPLICIT_RETAIN_SELF = YES;
				CLANG_WARN_OBJC_LITERAL_CONVERSION = YES;
				CLANG_WARN_OBJC_ROOT_CLASS = YES_ERROR;
				CLANG_WARN_QUOTED_INCLUDE_IN_FRAMEWORK_HEADER = YES;
				CLANG_WARN_RANGE_LOOP_ANALYSIS = YES;
				CLANG_WARN_STRICT_PROTOTYPES = YES;
				CLANG_WARN_SUSPICIOUS_MOVE = YES;
				CLANG_WARN_UNGUARDED_AVAILABILITY = YES_AGGRESSIVE;
				CLANG_WARN_UNREACHABLE_CODE = YES;
				CLANG_WARN__DUPLICATE_METHOD_MATCH = YES;
				COPY_PHASE_STRIP = NO;
				DEBUG_INFORMATION_FORMAT = dwarf;
				ENABLE_STRICT_OBJC_MSGSEND = YES;
				ENABLE_TESTABILITY = YES;
				ENABLE_USER_SCRIPT_SANDBOXING = YES;
				GCC_C_LANGUAGE_STANDARD = gnu17;
				GCC_DYNAMIC_NO_PIC = NO;
				GCC_NO_COMMON_BLOCKS = YES;
				GCC_OPTIMIZATION_LEVEL = 0;
				GCC_PREPROCESSOR_DEFINITIONS = (
					"DEBUG=1",
					"$(inherited)",
				);
				GCC_WARN_64_TO_32_BIT_CONVERSION = YES;
				GCC_WARN_ABOUT_RETURN_TYPE = YES_ERROR;
				GCC_WARN_UNDECLARED_SELECTOR = YES;
				GCC_WARN_UNINITIALIZED_AUTOS = YES_AGGRESSIVE;
				GCC_WARN_UNUSED_FUNCTION = YES;
				GCC_WARN_UNUSED_VARIABLE = YES;
				IPHONEOS_DEPLOYMENT_TARGET = 26.0;
				LOCALIZATION_PREFERS_STRING_CATALOGS = YES;
				MTL_ENABLE_DEBUG_INFO = INCLUDE_SOURCE;
				MTL_FAST_MATH = YES;
				ONLY_ACTIVE_ARCH = YES;
				SDKROOT = iphoneos;
				SWIFT_ACTIVE_COMPILATION_CONDITIONS = "DEBUG $(inherited)";
				SWIFT_OPTIMIZATION_LEVEL = "-Onone";
			};
			name = Debug;
		};
		461F5D3A2EA5842C002A2A2A /* Release */ = {
			isa = XCBuildConfiguration;
			buildSettings = {
				ALWAYS_SEARCH_USER_PATHS = NO;
				ASSETCATALOG_COMPILER_GENERATE_SWIFT_ASSET_SYMBOL_EXTENSIONS = YES;
				CLANG_ANALYZER_NONNULL = YES;
				CLANG_ANALYZER_NUMBER_OBJECT_CONVERSION = YES_AGGRESSIVE;
				CLANG_CXX_LANGUAGE_STANDARD = "gnu++20";
				CLANG_ENABLE_MODULES = YES;
				CLANG_ENABLE_OBJC_ARC = YES;
				CLANG_ENABLE_OBJC_WEAK = YES;
				CLANG_WARN_BLOCK_CAPTURE_AUTORELEASING = YES;
				CLANG_WARN_BOOL_CONVERSION = YES;
				CLANG_WARN_COMMA = YES;
				CLANG_WARN_CONSTANT_CONVERSION = YES;
				CLANG_WARN_DEPRECATED_OBJC_IMPLEMENTATIONS = YES;
				CLANG_WARN_DIRECT_OBJC_ISA_USAGE = YES_ERROR;
				CLANG_WARN_DOCUMENTATION_COMMENTS = YES;
				CLANG_WARN_EMPTY_BODY = YES;
				CLANG_WARN_ENUM_CONVERSION = YES;
				CLANG_WARN_INFINITE_RECURSION = YES;
				CLANG_WARN_INT_CONVERSION = YES;
				CLANG_WARN_NON_LITERAL_NULL_CONVERSION = YES;
				CLANG_WARN_OBJC_IMPLICIT_RETAIN_SELF = YES;
				CLANG_WARN_OBJC_LITERAL_CONVERSION = YES;
				CLANG_WARN_OBJC_ROOT_CLASS = YES_ERROR;
				CLANG_WARN_QUOTED_INCLUDE_IN_FRAMEWORK_HEADER = YES;
				CLANG_WARN_RANGE_LOOP_ANALYSIS = YES;
				CLANG_WARN_STRICT_PROTOTYPES = YES;
				CLANG_WARN_SUSPICIOUS_MOVE = YES;
				CLANG_WARN_UNGUARDED_AVAILABILITY = YES_AGGRESSIVE;
				CLANG_WARN_UNREACHABLE_CODE = YES;
				CLANG_WARN__DUPLICATE_METHOD_MATCH = YES;
				COPY_PHASE_STRIP = NO;
				DEBUG_INFORMATION_FORMAT = "dwarf-with-dsym";
				ENABLE_NS_ASSERTIONS = NO;
				ENABLE_STRICT_OBJC_MSGSEND = YES;
				ENABLE_USER_SCRIPT_SANDBOXING = YES;
				GCC_C_LANGUAGE_STANDARD = gnu17;
				GCC_NO_COMMON_BLOCKS = YES;
				GCC_WARN_64_TO_32_BIT_CONVERSION = YES;
				GCC_WARN_ABOUT_RETURN_TYPE = YES_ERROR;
				GCC_WARN_UNDECLARED_SELECTOR = YES;
				GCC_WARN_UNINITIALIZED_AUTOS = YES_AGGRESSIVE;
				GCC_WARN_UNUSED_FUNCTION = YES;
				GCC_WARN_UNUSED_VARIABLE = YES;
				IPHONEOS_DEPLOYMENT_TARGET = 26.0;
				LOCALIZATION_PREFERS_STRING_CATALOGS = YES;
				MTL_ENABLE_DEBUG_INFO = NO;
				MTL_FAST_MATH = YES;
				SDKROOT = iphoneos;
				SWIFT_COMPILATION_MODE = wholemodule;
				VALIDATE_PRODUCT = YES;
			};
			name = Release;
		};
		461F5D3C2EA5842C002A2A2A /* Debug */ = {
			isa = XCBuildConfiguration;
			buildSettings = {
				ASSETCATALOG_COMPILER_APPICON_NAME = AppIcon;
				ASSETCATALOG_COMPILER_GLOBAL_ACCENT_COLOR_NAME = AccentColor;
				CODE_SIGN_STYLE = Automatic;
				CURRENT_PROJECT_VERSION = 1;
				DEVELOPMENT_TEAM = BFW37AJLQH;
				ENABLE_PREVIEWS = YES;
				GENERATE_INFOPLIST_FILE = YES;
				INFOPLIST_KEY_UIApplicationSceneManifest_Generation = YES;
				INFOPLIST_KEY_UIApplicationSupportsIndirectInputEvents = YES;
				INFOPLIST_KEY_UILaunchScreen_Generation = YES;
				INFOPLIST_KEY_UISupportedInterfaceOrientations_iPad = "UIInterfaceOrientationPortrait UIInterfaceOrientationPortraitUpsideDown UIInterfaceOrientationLandscapeLeft UIInterfaceOrientationLandscapeRight";
				INFOPLIST_KEY_UISupportedInterfaceOrientations_iPhone = "UIInterfaceOrientationPortrait UIInterfaceOrientationLandscapeLeft UIInterfaceOrientationLandscapeRight";
				LD_RUNPATH_SEARCH_PATHS = (
					"$(inherited)",
					"@executable_path/Frameworks",
				);
				MARKETING_VERSION = 1.0;
				PRODUCT_BUNDLE_IDENTIFIER = "Lab1ios.SpaceExplorer2-0";
				PRODUCT_NAME = "$(TARGET_NAME)";
				STRING_CATALOG_GENERATE_SYMBOLS = YES;
				SWIFT_APPROACHABLE_CONCURRENCY = YES;
				SWIFT_DEFAULT_ACTOR_ISOLATION = MainActor;
				SWIFT_EMIT_LOC_STRINGS = YES;
				SWIFT_UPCOMING_FEATURE_MEMBER_IMPORT_VISIBILITY = YES;
				SWIFT_VERSION = 5.0;
				TARGETED_DEVICE_FAMILY = "1,2";
			};
			name = Debug;
		};
		461F5D3D2EA5842C002A2A2A /* Release */ = {
			isa = XCBuildConfiguration;
			buildSettings = {
				ASSETCATALOG_COMPILER_APPICON_NAME = AppIcon;
				ASSETCATALOG_COMPILER_GLOBAL_ACCENT_COLOR_NAME = AccentColor;
				CODE_SIGN_STYLE = Automatic;
				CURRENT_PROJECT_VERSION = 1;
				DEVELOPMENT_TEAM = BFW37AJLQH;
				ENABLE_PREVIEWS = YES;
				GENERATE_INFOPLIST_FILE = YES;
				INFOPLIST_KEY_UIApplicationSceneManifest_Generation = YES;
				INFOPLIST_KEY_UIApplicationSupportsIndirectInputEvents = YES;
				INFOPLIST_KEY_UILaunchScreen_Generation = YES;
				INFOPLIST_KEY_UISupportedInterfaceOrientations_iPad = "UIInterfaceOrientationPortrait UIInterfaceOrientationPortraitUpsideDown UIInterfaceOrientationLandscapeLeft UIInterfaceOrientationLandscapeRight";
				INFOPLIST_KEY_UISupportedInterfaceOrientations_iPhone = "UIInterfaceOrientationPortrait UIInterfaceOrientationLandscapeLeft UIInterfaceOrientationLandscapeRight";
				LD_RUNPATH_SEARCH_PATHS = (
					"$(inherited)",
					"@executable_path/Frameworks",
				);
				MARKETING_VERSION = 1.0;
				PRODUCT_BUNDLE_IDENTIFIER = "Lab1ios.SpaceExplorer2-0";
				PRODUCT_NAME = "$(TARGET_NAME)";
				STRING_CATALOG_GENERATE_SYMBOLS = YES;
				SWIFT_APPROACHABLE_CONCURRENCY = YES;
				SWIFT_DEFAULT_ACTOR_ISOLATION = MainActor;
				SWIFT_EMIT_LOC_STRINGS = YES;
				SWIFT_UPCOMING_FEATURE_MEMBER_IMPORT_VISIBILITY = YES;
				SWIFT_VERSION = 5.0;
				TARGETED_DEVICE_FAMILY = "1,2";
			};
			name = Release;
		};
		4698AC902EEF064100D5BD65 /* Debug */ = {
			isa = XCBuildConfiguration;
			buildSettings = {
				BUNDLE_LOADER = "$(TEST_HOST)";
				CODE_SIGN_STYLE = Automatic;
				CURRENT_PROJECT_VERSION = 1;
				DEVELOPMENT_TEAM = BFW37AJLQH;
				GENERATE_INFOPLIST_FILE = YES;
				MARKETING_VERSION = 1.0;
				PRODUCT_BUNDLE_IDENTIFIER = "Lab1ios.SpaceExplorer2-0Tests";
				PRODUCT_NAME = "$(TARGET_NAME)";
				STRING_CATALOG_GENERATE_SYMBOLS = NO;
				SWIFT_APPROACHABLE_CONCURRENCY = YES;
				SWIFT_EMIT_LOC_STRINGS = NO;
				SWIFT_UPCOMING_FEATURE_MEMBER_IMPORT_VISIBILITY = YES;
				SWIFT_VERSION = 5.0;
				TARGETED_DEVICE_FAMILY = "1,2";
				TEST_HOST = "$(BUILT_PRODUCTS_DIR)/SpaceExplorer2.0.app/$(BUNDLE_EXECUTABLE_FOLDER_PATH)/SpaceExplorer2.0";
			};
			name = Debug;
		};
		4698AC912EEF064100D5BD65 /* Release */ = {
			isa = XCBuildConfiguration;
			buildSettings = {
				BUNDLE_LOADER = "$(TEST_HOST)";
				CODE_SIGN_STYLE = Automatic;
				CURRENT_PROJECT_VERSION = 1;
				DEVELOPMENT_TEAM = BFW37AJLQH;
				GENERATE_INFOPLIST_FILE = YES;
				MARKETING_VERSION = 1.0;
				PRODUCT_BUNDLE_IDENTIFIER = "Lab1ios.SpaceExplorer2-0Tests";
				PRODUCT_NAME = "$(TARGET_NAME)";
				STRING_CATALOG_GENERATE_SYMBOLS = NO;
				SWIFT_APPROACHABLE_CONCURRENCY = YES;
				SWIFT_EMIT_LOC_STRINGS = NO;
				SWIFT_UPCOMING_FEATURE_MEMBER_IMPORT_VISIBILITY = YES;
				SWIFT_VERSION = 5.0;
				TARGETED_DEVICE_FAMILY = "1,2";
				TEST_HOST = "$(BUILT_PRODUCTS_DIR)/SpaceExplorer2.0.app/$(BUNDLE_EXECUTABLE_FOLDER_PATH)/SpaceExplorer2.0";
			};
			name = Release;
		};
		4698AC9E2EEF06A000D5BD65 /* Debug */ = {
			isa = XCBuildConfiguration;
			buildSettings = {
				BUNDLE_LOADER = "$(TEST_HOST)";
				CODE_SIGN_STYLE = Automatic;
				CURRENT_PROJECT_VERSION = 1;
				DEVELOPMENT_TEAM = BFW37AJLQH;
				GENERATE_INFOPLIST_FILE = YES;
				MARKETING_VERSION = 1.0;
				PRODUCT_BUNDLE_IDENTIFIER = "Lab1ios.SpaceExplorer2-0SwiftTests";
				PRODUCT_NAME = "$(TARGET_NAME)";
				STRING_CATALOG_GENERATE_SYMBOLS = NO;
				SWIFT_APPROACHABLE_CONCURRENCY = YES;
				SWIFT_EMIT_LOC_STRINGS = NO;
				SWIFT_UPCOMING_FEATURE_MEMBER_IMPORT_VISIBILITY = YES;
				SWIFT_VERSION = 5.0;
				TARGETED_DEVICE_FAMILY = "1,2";
				TEST_HOST = "$(BUILT_PRODUCTS_DIR)/SpaceExplorer2.0.app/$(BUNDLE_EXECUTABLE_FOLDER_PATH)/SpaceExplorer2.0";
			};
			name = Debug;
		};
		4698AC9F2EEF06A000D5BD65 /* Release */ = {
			isa = XCBuildConfiguration;
			buildSettings = {
				BUNDLE_LOADER = "$(TEST_HOST)";
				CODE_SIGN_STYLE = Automatic;
				CURRENT_PROJECT_VERSION = 1;
				DEVELOPMENT_TEAM = BFW37AJLQH;
				GENERATE_INFOPLIST_FILE = YES;
				MARKETING_VERSION = 1.0;
				PRODUCT_BUNDLE_IDENTIFIER = "Lab1ios.SpaceExplorer2-0SwiftTests";
				PRODUCT_NAME = "$(TARGET_NAME)";
				STRING_CATALOG_GENERATE_SYMBOLS = NO;
				SWIFT_APPROACHABLE_CONCURRENCY = YES;
				SWIFT_EMIT_LOC_STRINGS = NO;
				SWIFT_UPCOMING_FEATURE_MEMBER_IMPORT_VISIBILITY = YES;
				SWIFT_VERSION = 5.0;
				TARGETED_DEVICE_FAMILY = "1,2";
				TEST_HOST = "$(BUILT_PRODUCTS_DIR)/SpaceExplorer2.0.app/$(BUNDLE_EXECUTABLE_FOLDER_PATH)/SpaceExplorer2.0";
			};
			name = Release;
		};
		4698ACAD2EEF06DE00D5BD65 /* Debug */ = {
			isa = XCBuildConfiguration;
			buildSettings = {
				CODE_SIGN_STYLE = Automatic;
				CURRENT_PROJECT_VERSION = 1;
				DEVELOPMENT_TEAM = BFW37AJLQH;
				GENERATE_INFOPLIST_FILE = YES;
				MARKETING_VERSION = 1.0;
				PRODUCT_BUNDLE_IDENTIFIER = "Lab1ios.SpaceExplorer2-0UITests";
				PRODUCT_NAME = "$(TARGET_NAME)";
				STRING_CATALOG_GENERATE_SYMBOLS = NO;
				SWIFT_APPROACHABLE_CONCURRENCY = YES;
				SWIFT_EMIT_LOC_STRINGS = NO;
				SWIFT_UPCOMING_FEATURE_MEMBER_IMPORT_VISIBILITY = YES;
				SWIFT_VERSION = 5.0;
				TARGETED_DEVICE_FAMILY = "1,2";
				TEST_TARGET_NAME = SpaceExplorer2.0;
			};
			name = Debug;
		};
		4698ACAE2EEF06DE00D5BD65 /* Release */ = {
			isa = XCBuildConfiguration;
			buildSettings = {
				CODE_SIGN_STYLE = Automatic;
				CURRENT_PROJECT_VERSION = 1;
				DEVELOPMENT_TEAM = BFW37AJLQH;
				GENERATE_INFOPLIST_FILE = YES;
				MARKETING_VERSION = 1.0;
				PRODUCT_BUNDLE_IDENTIFIER = "Lab1ios.SpaceExplorer2-0UITests";
				PRODUCT_NAME = "$(TARGET_NAME)";
				STRING_CATALOG_GENERATE_SYMBOLS = NO;
				SWIFT_APPROACHABLE_CONCURRENCY = YES;
				SWIFT_EMIT_LOC_STRINGS = NO;
				SWIFT_UPCOMING_FEATURE_MEMBER_IMPORT_VISIBILITY = YES;
				SWIFT_VERSION = 5.0;
				TARGETED_DEVICE_FAMILY = "1,2";
				TEST_TARGET_NAME = SpaceExplorer2.0;
			};
			name = Release;
		};
/* End XCBuildConfiguration section */

/* Begin XCConfigurationList section */
		461F5D2B2EA58425002A2A2A /* Build configuration list for PBXProject "SpaceExplorer2.0" */ = {
			isa = XCConfigurationList;
			buildConfigurations = (
				461F5D392EA5842C002A2A2A /* Debug */,
				461F5D3A2EA5842C002A2A2A /* Release */,
			);
			defaultConfigurationIsVisible = 0;
			defaultConfigurationName = Release;
		};
		461F5D3B2EA5842C002A2A2A /* Build configuration list for PBXNativeTarget "SpaceExplorer2.0" */ = {
			isa = XCConfigurationList;
			buildConfigurations = (
				461F5D3C2EA5842C002A2A2A /* Debug */,
				461F5D3D2EA5842C002A2A2A /* Release */,
			);
			defaultConfigurationIsVisible = 0;
			defaultConfigurationName = Release;
		};
		4698AC922EEF064100D5BD65 /* Build configuration list for PBXNativeTarget "SpaceExplorer2.0Tests" */ = {
			isa = XCConfigurationList;
			buildConfigurations = (
				4698AC902EEF064100D5BD65 /* Debug */,
				4698AC912EEF064100D5BD65 /* Release */,
			);
			defaultConfigurationIsVisible = 0;
			defaultConfigurationName = Release;
		};
		4698AC9D2EEF06A000D5BD65 /* Build configuration list for PBXNativeTarget "SpaceExplorer2.0SwiftTests" */ = {
			isa = XCConfigurationList;
			buildConfigurations = (
				4698AC9E2EEF06A000D5BD65 /* Debug */,
				4698AC9F2EEF06A000D5BD65 /* Release */,
			);
			defaultConfigurationIsVisible = 0;
			defaultConfigurationName = Release;
		};
		4698ACAC2EEF06DE00D5BD65 /* Build configuration list for PBXNativeTarget "SpaceExplorer2.0UITests" */ = {
			isa = XCConfigurationList;
			buildConfigurations = (
				4698ACAD2EEF06DE00D5BD65 /* Debug */,
				4698ACAE2EEF06DE00D5BD65 /* Release */,
			);
			defaultConfigurationIsVisible = 0;
			defaultConfigurationName = Release;
		};
/* End XCConfigurationList section */
	};
	rootObject = 461F5D282EA58425002A2A2A /* Project object */;
}
