/* Begin PBXBuildFile section */
EA91BA9B2EBDE9700085019F /* .gitignore in Resources */ = {isa = PBXBuildFile; fileRef = EA91BA9A2EBDE9660085019F /* .gitignore */; };
/* End PBXBuildFile section */

/* Begin PBXFileReference section */
EA91BA9A2EBDE9660085019F /* .gitignore */ = {isa = PBXFileReference; lastKnownFileType = text; path = .gitignore; sourceTree = "<group>"; };
/* End PBXFileReference section */

/* Begin PBXFileReference section */
EAA8576F2EBC9686003E11EA /* lab1.app */ = {isa = PBXFileReference; explicitFileType = wrapper.application; includeInIndex = 0; path = lab1.app; sourceTree = BUILT_PRODUCTS_DIR; };
/* End PBXFileReference section */

/* Begin PBXFileSystemSynchronizedRootGroup section */
EAA857712EBC9686003E11EA /* lab1 */ = {
    isa = PBXFileSystemSynchronizedRootGroup;
    path = lab1;
    sourceTree = "<group>";
};
/* End PBXFileSystemSynchronizedRootGroup section */

/* Begin PBXFrameworksBuildPhase section */
EAA8576C2EBC9686003E11EA /* Frameworks */ = {
    isa = PBXFrameworksBuildPhase;
    buildActionMask = 2147483647;
    files = (
    );
    runOnlyForDeploymentPostprocessing = 0;
};
/* End PBXFrameworksBuildPhase section */

/* Begin PBXGroup section */
EAA857662EBC9686003E11EA = {
    isa = PBXGroup;
    children = (
        EA91BA9A2EBDE9660085019F /* .gitignore */,
        EAA857712EBC9686003E11EA /* lab1 */,
        EAA857702EBC9686003E11EA /* Products */,
    );
    sourceTree = "<group>";
};
/* End PBXGroup section */
