// !$*UTF8*$!
{
	archiveVersion = 1;
	classes = {
	};
	objectVersion = 77;
	objects = {

/* Begin PBXContainerItemProxy section */
		7AC4A04D2EF5488B007FB670 /* PBXContainerItemProxy */ = {
			isa = PBXContainerItemProxy;
			containerPortal = 7ADA31192EF537CA0018D202 /* Project object */;
			proxyType = 1;
			remoteGlobalIDString = 7ADA31202EF537CA0018D202;
			remoteInfo = Lab5_ParkExplorer;
		};
		7AC4A05C2EF548EF007FB670 /* PBXContainerItemProxy */ = {
			isa = PBXContainerItemProxy;
			containerPortal = 7ADA31192EF537CA0018D202 /* Project object */;
			proxyType = 1;
			remoteGlobalIDString = 7ADA31202EF537CA0018D202;
			remoteInfo = Lab5_ParkExplorer;
		};
/* End PBXContainerItemProxy section */

/* Begin PBXFileReference section */
		7AC4A0492EF5488B007FB670 /* Lab5_ParkExplorerTests.xctest */ = {isa = PBXFileReference; explicitFileType = wrapper.cfbundle; includeInIndex = 0; path = Lab5_ParkExplorerTests.xctest; sourceTree = BUILT_PRODUCTS_DIR; };
		7AC4A0562EF548EF007FB670 /* Lab5_ParkExplorerUITests.xctest */ = {isa = PBXFileReference; explicitFileType = wrapper.cfbundle; includeInIndex = 0; path = Lab5_ParkExplorerUITests.xctest; sourceTree = BUILT_PRODUCTS_DIR; };
		7ADA31212EF537CA0018D202 /* Lab5_ParkExplorer.app */ = {isa = PBXFileReference; explicitFileType = wrapper.application; includeInIndex = 0; path = Lab5_ParkExplorer.app; sourceTree = BUILT_PRODUCTS_DIR; };
/* End PBXFileReference section */

/* Begin PBXFileSystemSynchronizedRootGroup section */
		7AC4A04A2EF5488B007FB670 /* Lab5_ParkExplorerTests */ = {
			isa = PBXFileSystemSynchronizedRootGroup;
			path = Lab5_ParkExplorerTests;
			sourceTree = "<group>";
		};
		7AC4A0572EF548EF007FB670 /* Lab5_ParkExplorerUITests */ = {
			isa = PBXFileSystemSynchronizedRootGroup;
			path = Lab5_ParkExplorerUITests;
			sourceTree = "<group>";
		};
		7ADA31232EF537CA0018D202 /* Lab5_ParkExplorer */ = {
			isa = PBXFileSystemSynchronizedRootGroup;
			path = Lab5_ParkExplorer;
			sourceTree = "<group>";
		};
/* End PBXFileSystemSynchronizedRootGroup section */

/* Begin PBXFrameworksBuildPhase section */
		7AC4A0462EF5488B007FB670 /* Frameworks */ = {
			isa = PBXFrameworksBuildPhase;
			buildActionMask = 2147483647;
			files = (
			);
			runOnlyForDeploymentPostprocessing = 0;
		};
		7AC4A0532EF548EF007FB670 /* Frameworks */ = {
			isa = PBXFrameworksBuildPhase;
			buildActionMask = 2147483647;
			files = (
			);
			runOnlyForDeploymentPostprocessing = 0;
		};
		7ADA311E2EF537CA0018D202 /* Frameworks */ = {
			isa = PBXFrameworksBuildPhase;
			buildActionMask = 2147483647;
			files = (
			);
			runOnlyForDeploymentPostprocessing = 0;
		};
/* End PBXFrameworksBuildPhase section */

/* Begin PBXGroup section */
		7ADA31182EF537CA0018D202 = {
			isa = PBXGroup;
			children = (
				7ADA31232EF537CA0018D202 /* Lab5_ParkExplorer */,
				7AC4A04A2EF5488B007FB670 /* Lab5_ParkExplorerTests */,
				7AC4A0572EF548EF007FB670 /* Lab5_ParkExplorerUITests */,
				7ADA31222EF537CA0018D202 /* Products */,
			);
			sourceTree = "<group>";
		};
		7ADA31222EF537CA0018D202 /* Products */ = {
			isa = PBXGroup;
			children = (
				7ADA31212EF537CA0018D202 /* Lab5_ParkExplorer.app */,
				7AC4A0492EF5488B007FB670 /* Lab5_ParkExplorerTests.xctest */,
				7AC4A0562EF548EF007FB670 /* Lab5_ParkExplorerUITests.xctest */,
			);
			name = Products;
			sourceTree = "<group>";
		};
/* End PBXGroup section */

/* Begin PBXNativeTarget section */
		7AC4A0482EF5488B007FB670 /* Lab5_ParkExplorerTests */ = {
			isa = PBXNativeTarget;
			buildConfigurationList = 7AC4A04F2EF5488B007FB670 /* Build configuration list for PBXNativeTarget "Lab5_ParkExplorerTests" */;
			buildPhases = (
				7AC4A0452EF5488B007FB670 /* Sources */,
				7AC4A0462EF5488B007FB670 /* Frameworks */,
				7AC4A0472EF5488B007FB670 /* Resources */,
			);
			buildRules = (
			);
			dependencies = (
				7AC4A04E2EF5488B007FB670 /* PBXTargetDependency */,
			);
			fileSystemSynchronizedGroups = (
				7AC4A04A2EF5488B007FB670 /* Lab5_ParkExplorerTests */,
			);
			name = Lab5_ParkExplorerTests;
			packageProductDependencies = (
			);
			productName = Lab5_ParkExplorerTests;
			productReference = 7AC4A0492EF5488B007FB670 /* Lab5_ParkExplorerTests.xctest */;
			productType = "com.apple.product-type.bundle.unit-test";
		};
		7AC4A0552EF548EF007FB670 /* Lab5_ParkExplorerUITests */ = {
			isa = PBXNativeTarget;
			buildConfigurationList = 7AC4A05E2EF548EF007FB670 /* Build configuration list for PBXNativeTarget "Lab5_ParkExplorerUITests" */;
			buildPhases = (
				7AC4A0522EF548EF007FB670 /* Sources */,
				7AC4A0532EF548EF007FB670 /* Frameworks */,
				7AC4A0542EF548EF007FB670 /* Resources */,
			);
			buildRules = (
			);
			dependencies = (
				7AC4A05D2EF548EF007FB670 /* PBXTargetDependency */,
			);
			fileSystemSynchronizedGroups = (
				7AC4A0572EF548EF007FB670 /* Lab5_ParkExplorerUITests */,
			);
			name = Lab5_ParkExplorerUITests;
			packageProductDependencies = (
			);
			productName = Lab5_ParkExplorerUITests;
			productReference = 7AC4A0562EF548EF007FB670 /* Lab5_ParkExplorerUITests.xctest */;
			productType = "com.apple.product-type.bundle.ui-testing";
		};
		7ADA31202EF537CA0018D202 /* Lab5_ParkExplorer */ = {
			isa = PBXNativeTarget;
			buildConfigurationList = 7ADA312C2EF537D10018D202 /* Build configuration list for PBXNativeTarget "Lab5_ParkExplorer" */;
			buildPhases = (
				7ADA311D2EF537CA0018D202 /* Sources */,
				7ADA311E2EF537CA0018D202 /* Frameworks */,
				7ADA311F2EF537CA0018D202 /* Resources */,
			);
			buildRules = (
			);
			dependencies = (
			);
			fileSystemSynchronizedGroups = (
				7ADA31232EF537CA0018D202 /* Lab5_ParkExplorer */,
			);
			name = Lab5_ParkExplorer;
			packageProductDependencies = (
			);
			productName = Lab5_ParkExplorer;
			productReference = 7ADA31212EF537CA0018D202 /* Lab5_ParkExplorer.app */;
			productType = "com.apple.product-type.application";
		};
/* End PBXNativeTarget section */

/* Begin PBXProject section */
		7ADA31192EF537CA0018D202 /* Project object */ = {
			isa = PBXProject;
			attributes = {
				BuildIndependentTargetsInParallel = 1;
				LastSwiftUpdateCheck = 2600;
				LastUpgradeCheck = 2600;
				TargetAttributes = {
					7AC4A0482EF5488B007FB670 = {
						CreatedOnToolsVersion = 26.0.1;
						TestTargetID = 7ADA31202EF537CA0018D202;
					};
					7AC4A0552EF548EF007FB670 = {
						CreatedOnToolsVersion = 26.0.1;
						TestTargetID = 7ADA31202EF537CA0018D202;
					};
					7ADA31202EF537CA0018D202 = {
						CreatedOnToolsVersion = 26.0.1;
					};
				};
			};
			buildConfigurationList = 7ADA311C2EF537CA0018D202 /* Build configuration list for PBXProject "Lab5_ParkExplorer" */;
			developmentRegion = en;
			hasScannedForEncodings = 0;
			knownRegions = (
				en,
				Base,
			);
			mainGroup = 7ADA31182EF537CA0018D202;
			minimizedProjectReferenceProxies = 1;
			preferredProjectObjectVersion = 77;
			productRefGroup = 7ADA31222EF537CA0018D202 /* Products */;
			projectDirPath = "";
			projectRoot = "";
			targets = (
				7ADA31202EF537CA0018D202 /* Lab5_ParkExplorer */,
				7AC4A0482EF5488B007FB670 /* Lab5_ParkExplorerTests */,
				7AC4A0552EF548EF007FB670 /* Lab5_ParkExplorerUITests */,
			);
		};
/* End PBXProject section */

/* Begin PBXResourcesBuildPhase section */
		7AC4A0472EF5488B007FB670 /* Resources */ = {
			isa = PBXResourcesBuildPhase;
			buildActionMask = 2147483647;
			files = (
			);
			runOnlyForDeploymentPostprocessing = 0;
		};
		7AC4A0542EF548EF007FB670 /* Resources */ = {
			isa = PBXResourcesBuildPhase;
			buildActionMask = 2147483647;
			files = (
			);
			runOnlyForDeploymentPostprocessing = 0;
		};
		7ADA311F2EF537CA0018D202 /* Resources */ = {
			isa = PBXResourcesBuildPhase;
			buildActionMask = 2147483647;
			files = (
			);
			runOnlyForDeploymentPostprocessing = 0;
		};
/* End PBXResourcesBuildPhase section */

/* Begin PBXSourcesBuildPhase section */
		7AC4A0452EF5488B007FB670 /* Sources */ = {
			isa = PBXSourcesBuildPhase;
			buildActionMask = 2147483647;
			files = (
			);
			runOnlyForDeploymentPostprocessing = 0;
		};
		7AC4A0522EF548EF007FB670 /* Sources */ = {
			isa = PBXSourcesBuildPhase;
			buildActionMask = 2147483647;
			files = (
			);
			runOnlyForDeploymentPostprocessing = 0;
		};
		7ADA311D2EF537CA0018D202 /* Sources */ = {
			isa = PBXSourcesBuildPhase;
			buildActionMask = 2147483647;
			files = (
			);
			runOnlyForDeploymentPostprocessing = 0;
		};
/* End PBXSourcesBuildPhase section */

/* Begin PBXTargetDependency section */
		7AC4A04E2EF5488B007FB670 /* PBXTargetDependency */ = {
			isa = PBXTargetDependency;
			target = 7ADA31202EF537CA0018D202 /* Lab5_ParkExplorer */;
			targetProxy = 7AC4A04D2EF5488B007FB670 /* PBXContainerItemProxy */;
		};
		7AC4A05D2EF548EF007FB670 /* PBXTargetDependency */ = {
			isa = PBXTargetDependency;
			target = 7ADA31202EF537CA0018D202 /* Lab5_ParkExplorer */;
			targetProxy = 7AC4A05C2EF548EF007FB670 /* PBXContainerItemProxy */;
		};
/* End PBXTargetDependency section */

/* Begin XCBuildConfiguration section */
		7AC4A0502EF5488B007FB670 /* Debug */ = {
			isa = XCBuildConfiguration;
			buildSettings = {
				BUNDLE_LOADER = "$(TEST_HOST)";
				CODE_SIGN_STYLE = Automatic;
				CURRENT_PROJECT_VERSION = 1;
				GENERATE_INFOPLIST_FILE = YES;
				MARKETING_VERSION = 1.0;
				PRODUCT_BUNDLE_IDENTIFIER = "vitaliksurzhykyvych.Lab5-ParkExplorerTests";
				PRODUCT_NAME = "$(TARGET_NAME)";
				STRING_CATALOG_GENERATE_SYMBOLS = NO;
				SWIFT_APPROACHABLE_CONCURRENCY = YES;
				SWIFT_EMIT_LOC_STRINGS = NO;
				SWIFT_UPCOMING_FEATURE_MEMBER_IMPORT_VISIBILITY = YES;
				SWIFT_VERSION = 5.0;
				TARGETED_DEVICE_FAMILY = "1,2";
				TEST_HOST = "$(BUILT_PRODUCTS_DIR)/Lab5_ParkExplorer.app/$(BUNDLE_EXECUTABLE_FOLDER_PATH)/Lab5_ParkExplorer";
			};
			name = Debug;
		};
		7AC4A0512EF5488B007FB670 /* Release */ = {
			isa = XCBuildConfiguration;
			buildSettings = {
				BUNDLE_LOADER = "$(TEST_HOST)";
				CODE_SIGN_STYLE = Automatic;
				CURRENT_PROJECT_VERSION = 1;
				GENERATE_INFOPLIST_FILE = YES;
				MARKETING_VERSION = 1.0;
				PRODUCT_BUNDLE_IDENTIFIER = "vitaliksurzhykyvych.Lab5-ParkExplorerTests";
				PRODUCT_NAME = "$(TARGET_NAME)";
				STRING_CATALOG_GENERATE_SYMBOLS = NO;
				SWIFT_APPROACHABLE_CONCURRENCY = YES;
				SWIFT_EMIT_LOC_STRINGS = NO;
				SWIFT_UPCOMING_FEATURE_MEMBER_IMPORT_VISIBILITY = YES;
				SWIFT_VERSION = 5.0;
				TARGETED_DEVICE_FAMILY = "1,2";
				TEST_HOST = "$(BUILT_PRODUCTS_DIR)/Lab5_ParkExplorer.app/$(BUNDLE_EXECUTABLE_FOLDER_PATH)/Lab5_ParkExplorer";
			};
			name = Release;
		};
		7AC4A05F2EF548EF007FB670 /* Debug */ = {
			isa = XCBuildConfiguration;
			buildSettings = {
				CODE_SIGN_STYLE = Automatic;
				CURRENT_PROJECT_VERSION = 1;
				GENERATE_INFOPLIST_FILE = YES;
				MARKETING_VERSION = 1.0;
				PRODUCT_BUNDLE_IDENTIFIER = "vitaliksurzhykyvych.Lab5-ParkExplorerUITests";
				PRODUCT_NAME = "$(TARGET_NAME)";
				STRING_CATALOG_GENERATE_SYMBOLS = NO;
				SWIFT_APPROACHABLE_CONCURRENCY = YES;
				SWIFT_EMIT_LOC_STRINGS = NO;
				SWIFT_UPCOMING_FEATURE_MEMBER_IMPORT_VISIBILITY = YES;
				SWIFT_VERSION = 5.0;
				TARGETED_DEVICE_FAMILY = "1,2";
				TEST_TARGET_NAME = Lab5_ParkExplorer;
			};
			name = Debug;
		};
		7AC4A0602EF548EF007FB670 /* Release */ = {
			isa = XCBuildConfiguration;
			buildSettings = {
				CODE_SIGN_STYLE = Automatic;
				CURRENT_PROJECT_VERSION = 1;
				GENERATE_INFOPLIST_FILE = YES;
				MARKETING_VERSION = 1.0;
				PRODUCT_BUNDLE_IDENTIFIER = "vitaliksurzhykyvych.Lab5-ParkExplorerUITests";
				PRODUCT_NAME = "$(TARGET_NAME)";
				STRING_CATALOG_GENERATE_SYMBOLS = NO;
				SWIFT_APPROACHABLE_CONCURRENCY = YES;
				SWIFT_EMIT_LOC_STRINGS = NO;
				SWIFT_UPCOMING_FEATURE_MEMBER_IMPORT_VISIBILITY = YES;
				SWIFT_VERSION = 5.0;
				TARGETED_DEVICE_FAMILY = "1,2";
				TEST_TARGET_NAME = Lab5_ParkExplorer;
			};
			name = Release;
		};
		7ADA312A2EF537D10018D202 /* Debug */ = {
			isa = XCBuildConfiguration;
			buildSettings = {
				ALWAYS_SEARCH_USER_PATHS = NO;
				ASSETCATALOG_COMPILER_GENERATE_SWIFT_ASSET_SYMBOL_EXTENSIONS = YES;
				CLANG_ANALYZER_NONNULL = YES;
				CLANG_ANALYZER_NUMBER_OBJECT_CONVERSION = YES_AGGRESSIVE;
				CLANG_CXX_LANGUAGE_STANDARD = "gnu++20";
				CLANG_ENABLE_MODULES = YES;
				CLANG_ENABLE_OBJC_ARC = YES;
				CLANG_ENABLE_OBJC_WEAK = YES;
				CLANG_WARN_BLOCK_CAPTURE_AUTORELEASING = YES;
				CLANG_WARN_BOOL_CONVERSION = YES;
				CLANG_WARN_COMMA = YES;
				CLANG_WARN_CONSTANT_CONVERSION = YES;
				CLANG_WARN_DEPRECATED_OBJC_IMPLEMENTATIONS = YES;
				CLANG_WARN_DIRECT_OBJC_ISA_USAGE = YES_ERROR;
				CLANG_WARN_DOCUMENTATION_COMMENTS = YES;
				CLANG_WARN_EMPTY_BODY = YES;
				CLANG_WARN_ENUM_CONVERSION = YES;
				CLANG_WARN_INFINITE_RECURSION = YES;
				CLANG_WARN_INT_CONVERSION = YES;
				CLANG_WARN_NON_LITERAL_NULL_CONVERSION = YES;
				CLANG_WARN_OBJC_IMPLICIT_RETAIN_SELF = YES;
				CLANG_WARN_OBJC_LITERAL_CONVERSION = YES;
				CLANG_WARN_OBJC_ROOT_CLASS = YES_ERROR;
				CLANG_WARN_QUOTED_INCLUDE_IN_FRAMEWORK_HEADER = YES;
				CLANG_WARN_RANGE_LOOP_ANALYSIS = YES;
				CLANG_WARN_STRICT_PROTOTYPES = YES;
				CLANG_WARN_SUSPICIOUS_MOVE = YES;
				CLANG_WARN_UNGUARDED_AVAILABILITY = YES_AGGRESSIVE;
				CLANG_WARN_UNREACHABLE_CODE = YES;
				CLANG_WARN__DUPLICATE_METHOD_MATCH = YES;
				COPY_PHASE_STRIP = NO;
				DEBUG_INFORMATION_FORMAT = dwarf;
				ENABLE_STRICT_OBJC_MSGSEND = YES;
				ENABLE_TESTABILITY = YES;
				ENABLE_USER_SCRIPT_SANDBOXING = YES;
				GCC_C_LANGUAGE_STANDARD = gnu17;
				GCC_DYNAMIC_NO_PIC = NO;
				GCC_NO_COMMON_BLOCKS = YES;
				GCC_OPTIMIZATION_LEVEL = 0;
				GCC_PREPROCESSOR_DEFINITIONS = (
					"DEBUG=1",
					"$(inherited)",
				);
				GCC_WARN_64_TO_32_BIT_CONVERSION = YES;
				GCC_WARN_ABOUT_RETURN_TYPE = YES_ERROR;
				GCC_WARN_UNDECLARED_SELECTOR = YES;
				GCC_WARN_UNINITIALIZED_AUTOS = YES_AGGRESSIVE;
				GCC_WARN_UNUSED_FUNCTION = YES;
				GCC_WARN_UNUSED_VARIABLE = YES;
				IPHONEOS_DEPLOYMENT_TARGET = 26.0;
				LOCALIZATION_PREFERS_STRING_CATALOGS = YES;
				MTL_ENABLE_DEBUG_INFO = INCLUDE_SOURCE;
				MTL_FAST_MATH = YES;
				ONLY_ACTIVE_ARCH = YES;
				SDKROOT = iphoneos;
				SWIFT_ACTIVE_COMPILATION_CONDITIONS = "DEBUG $(inherited)";
				SWIFT_OPTIMIZATION_LEVEL = "-Onone";
			};
			name = Debug;
		};
		7ADA312B2EF537D10018D202 /* Release */ = {
			isa = XCBuildConfiguration;
			buildSettings = {
				ALWAYS_SEARCH_USER_PATHS = NO;
				ASSETCATALOG_COMPILER_GENERATE_SWIFT_ASSET_SYMBOL_EXTENSIONS = YES;
				CLANG_ANALYZER_NONNULL = YES;
				CLANG_ANALYZER_NUMBER_OBJECT_CONVERSION = YES_AGGRESSIVE;
				CLANG_CXX_LANGUAGE_STANDARD = "gnu++20";
				CLANG_ENABLE_MODULES = YES;
				CLANG_ENABLE_OBJC_ARC = YES;
				CLANG_ENABLE_OBJC_WEAK = YES;
				CLANG_WARN_BLOCK_CAPTURE_AUTORELEASING = YES;
				CLANG_WARN_BOOL_CONVERSION = YES;
				CLANG_WARN_COMMA = YES;
				CLANG_WARN_CONSTANT_CONVERSION = YES;
				CLANG_WARN_DEPRECATED_OBJC_IMPLEMENTATIONS = YES;
				CLANG_WARN_DIRECT_OBJC_ISA_USAGE = YES_ERROR;
				CLANG_WARN_DOCUMENTATION_COMMENTS = YES;
				CLANG_WARN_EMPTY_BODY = YES;
				CLANG_WARN_ENUM_CONVERSION = YES;
				CLANG_WARN_INFINITE_RECURSION = YES;
				CLANG_WARN_INT_CONVERSION = YES;
				CLANG_WARN_NON_LITERAL_NULL_CONVERSION = YES;
				CLANG_WARN_OBJC_IMPLICIT_RETAIN_SELF = YES;
				CLANG_WARN_OBJC_LITERAL_CONVERSION = YES;
				CLANG_WARN_OBJC_ROOT_CLASS = YES_ERROR;
				CLANG_WARN_QUOTED_INCLUDE_IN_FRAMEWORK_HEADER = YES;
				CLANG_WARN_RANGE_LOOP_ANALYSIS = YES;
				CLANG_WARN_STRICT_PROTOTYPES = YES;
				CLANG_WARN_SUSPICIOUS_MOVE = YES;
				CLANG_WARN_UNGUARDED_AVAILABILITY = YES_AGGRESSIVE;
				CLANG_WARN_UNREACHABLE_CODE = YES;
				CLANG_WARN__DUPLICATE_METHOD_MATCH = YES;
				COPY_PHASE_STRIP = NO;
				DEBUG_INFORMATION_FORMAT = "dwarf-with-dsym";
				ENABLE_NS_ASSERTIONS = NO;
				ENABLE_STRICT_OBJC_MSGSEND = YES;
				ENABLE_USER_SCRIPT_SANDBOXING = YES;
				GCC_C_LANGUAGE_STANDARD = gnu17;
				GCC_NO_COMMON_BLOCKS = YES;
				GCC_WARN_64_TO_32_BIT_CONVERSION = YES;
				GCC_WARN_ABOUT_RETURN_TYPE = YES_ERROR;
				GCC_WARN_UNDECLARED_SELECTOR = YES;
				GCC_WARN_UNINITIALIZED_AUTOS = YES_AGGRESSIVE;
				GCC_WARN_UNUSED_FUNCTION = YES;
				GCC_WARN_UNUSED_VARIABLE = YES;
				IPHONEOS_DEPLOYMENT_TARGET = 26.0;
				LOCALIZATION_PREFERS_STRING_CATALOGS = YES;
				MTL_ENABLE_DEBUG_INFO = NO;
				MTL_FAST_MATH = YES;
				SDKROOT = iphoneos;
				SWIFT_COMPILATION_MODE = wholemodule;
				VALIDATE_PRODUCT = YES;
			};
			name = Release;
		};
		7ADA312D2EF537D10018D202 /* Debug */ = {
			isa = XCBuildConfiguration;
			buildSettings = {
				ASSETCATALOG_COMPILER_APPICON_NAME = AppIcon;
				ASSETCATALOG_COMPILER_GLOBAL_ACCENT_COLOR_NAME = AccentColor;
				CODE_SIGN_STYLE = Automatic;
				CURRENT_PROJECT_VERSION = 1;
				ENABLE_PREVIEWS = YES;
				GENERATE_INFOPLIST_FILE = YES;
				INFOPLIST_KEY_UIApplicationSceneManifest_Generation = YES;
				INFOPLIST_KEY_UIApplicationSupportsIndirectInputEvents = YES;
				INFOPLIST_KEY_UILaunchScreen_Generation = YES;
				INFOPLIST_KEY_UISupportedInterfaceOrientations_iPad = "UIInterfaceOrientationPortrait UIInterfaceOrientationPortraitUpsideDown UIInterfaceOrientationLandscapeLeft UIInterfaceOrientationLandscapeRight";
				INFOPLIST_KEY_UISupportedInterfaceOrientations_iPhone = "UIInterfaceOrientationPortrait UIInterfaceOrientationLandscapeLeft UIInterfaceOrientationLandscapeRight";
				LD_RUNPATH_SEARCH_PATHS = (
					"$(inherited)",
					"@executable_path/Frameworks",
				);
				MARKETING_VERSION = 1.0;
				PRODUCT_BUNDLE_IDENTIFIER = "vitaliksurzhykyvych.Lab5-ParkExplorer";
				PRODUCT_NAME = "$(TARGET_NAME)";
				STRING_CATALOG_GENERATE_SYMBOLS = YES;
				SWIFT_APPROACHABLE_CONCURRENCY = YES;
				SWIFT_DEFAULT_ACTOR_ISOLATION = MainActor;
				SWIFT_EMIT_LOC_STRINGS = YES;
				SWIFT_UPCOMING_FEATURE_MEMBER_IMPORT_VISIBILITY = YES;
				SWIFT_VERSION = 5.0;
				TARGETED_DEVICE_FAMILY = "1,2";
			};
			name = Debug;
		};
		7ADA312E2EF537D10018D202 /* Release */ = {
			isa = XCBuildConfiguration;
			buildSettings = {
				ASSETCATALOG_COMPILER_APPICON_NAME = AppIcon;
				ASSETCATALOG_COMPILER_GLOBAL_ACCENT_COLOR_NAME = AccentColor;
				CODE_SIGN_STYLE = Automatic;
				CURRENT_PROJECT_VERSION = 1;
				ENABLE_PREVIEWS = YES;
				GENERATE_INFOPLIST_FILE = YES;
				INFOPLIST_KEY_UIApplicationSceneManifest_Generation = YES;
				INFOPLIST_KEY_UIApplicationSupportsIndirectInputEvents = YES;
				INFOPLIST_KEY_UILaunchScreen_Generation = YES;
				INFOPLIST_KEY_UISupportedInterfaceOrientations_iPad = "UIInterfaceOrientationPortrait UIInterfaceOrientationPortraitUpsideDown UIInterfaceOrientationLandscapeLeft UIInterfaceOrientationLandscapeRight";
				INFOPLIST_KEY_UISupportedInterfaceOrientations_iPhone = "UIInterfaceOrientationPortrait UIInterfaceOrientationLandscapeLeft UIInterfaceOrientationLandscapeRight";
				LD_RUNPATH_SEARCH_PATHS = (
					"$(inherited)",
					"@executable_path/Frameworks",
				);
				MARKETING_VERSION = 1.0;
				PRODUCT_BUNDLE_IDENTIFIER = "vitaliksurzhykyvych.Lab5-ParkExplorer";
				PRODUCT_NAME = "$(TARGET_NAME)";
				STRING_CATALOG_GENERATE_SYMBOLS = YES;
				SWIFT_APPROACHABLE_CONCURRENCY = YES;
				SWIFT_DEFAULT_ACTOR_ISOLATION = MainActor;
				SWIFT_EMIT_LOC_STRINGS = YES;
				SWIFT_UPCOMING_FEATURE_MEMBER_IMPORT_VISIBILITY = YES;
				SWIFT_VERSION = 5.0;
				TARGETED_DEVICE_FAMILY = "1,2";
			};
			name = Release;
		};
/* End XCBuildConfiguration section */

/* Begin XCConfigurationList section */
		7AC4A04F2EF5488B007FB670 /* Build configuration list for PBXNativeTarget "Lab5_ParkExplorerTests" */ = {
			isa = XCConfigurationList;
			buildConfigurations = (
				7AC4A0502EF5488B007FB670 /* Debug */,
				7AC4A0512EF5488B007FB670 /* Release */,
			);
			defaultConfigurationIsVisible = 0;
			defaultConfigurationName = Release;
		};
		7AC4A05E2EF548EF007FB670 /* Build configuration list for PBXNativeTarget "Lab5_ParkExplorerUITests" */ = {
			isa = XCConfigurationList;
			buildConfigurations = (
				7AC4A05F2EF548EF007FB670 /* Debug */,
				7AC4A0602EF548EF007FB670 /* Release */,
			);
			defaultConfigurationIsVisible = 0;
			defaultConfigurationName = Release;
		};
		7ADA311C2EF537CA0018D202 /* Build configuration list for PBXProject "Lab5_ParkExplorer" */ = {
			isa = XCConfigurationList;
			buildConfigurations = (
				7ADA312A2EF537D10018D202 /* Debug */,
				7ADA312B2EF537D10018D202 /* Release */,
			);
			defaultConfigurationIsVisible = 0;
			defaultConfigurationName = Release;
		};
		7ADA312C2EF537D10018D202 /* Build configuration list for PBXNativeTarget "Lab5_ParkExplorer" */ = {
			isa = XCConfigurationList;
			buildConfigurations = (
				7ADA312D2EF537D10018D202 /* Debug */,
				7ADA312E2EF537D10018D202 /* Release */,
			);
			defaultConfigurationIsVisible = 0;
			defaultConfigurationName = Release;
		};
/* End XCConfigurationList section */
	};
	rootObject = 7ADA31192EF537CA0018D202 /* Project object */;
}
